# This file is automatically @generated by Cargo.
# It is not intended for manual editing.
version = 4

[[package]]
name = "markstone-abi"
version = "0.1.0"
dependencies = [
 "markstone-actos",
 "markstone-core",
]

[[package]]
name = "markstone-actos"
version = "0.1.0"
dependencies = [
 "markstone-core",
]

[[package]]
name = "markstone-core"
version = "0.1.0"
